
Microsoft Visual Studio Solution File, Format Version 12.00
# Visual Studio Version 17
VisualStudioVersion = 17.9.34728.123
MinimumVisualStudioVersion = 10.0.40219.1
Project("{FAE04EC0-301F-11D3-BF4B-00C04F79EFBC}") = "Gardener", "Gardener.csproj", "{960732C3-F290-4445-BE61-EF1E0DEB7861}"
EndProject
Global
	GlobalSection(SolutionConfigurationPlatforms) = preSolution
		Debug|Any CPU = Debug|Any CPU
		Release|Any CPU = Release|Any CPU
	EndGlobalSection
	GlobalSection(ProjectConfigurationPlatforms) = postSolution
		{960732C3-F290-4445-BE61-EF1E0DEB7861}.Debug|Any CPU.ActiveCfg = Debug|Any CPU
		{960732C3-F290-4445-BE61-EF1E0DEB7861}.Debug|Any CPU.Build.0 = Debug|Any CPU
		{960732C3-F290-4445-BE61-EF1E0DEB7861}.Release|Any CPU.ActiveCfg = Release|Any CPU
		{960732C3-F290-4445-BE61-EF1E0DEB7861}.Release|Any CPU.Build.0 = Release|Any CPU
	EndGlobalSection
	GlobalSection(SolutionProperties) = preSolution
		HideSolutionNode = FALSE
	EndGlobalSection
	GlobalSection(ExtensibilityGlobals) = postSolution
		SolutionGuid = {F6D70689-D4BE-46F3-BA10-50CF3871C5D6}
	EndGlobalSection
EndGlobal
