
Microsoft Visual Studio Solution File, Format Version 12.00
# Visual Studio Version 17
VisualStudioVersion = 17.9.34728.123
MinimumVisualStudioVersion = 10.0.40219.1
Project("{FAE04EC0-301F-11D3-BF4B-00C04F79EFBC}") = "2.3 Snackbar", "Assignments\2.3 Snackbar.csproj", "{EEAB2A12-988B-45ED-B201-30CCB4CE875A}"
EndProject
Global
	GlobalSection(SolutionConfigurationPlatforms) = preSolution
		Debug|Any CPU = Debug|Any CPU
		Release|Any CPU = Release|Any CPU
	EndGlobalSection
	GlobalSection(ProjectConfigurationPlatforms) = postSolution
		{EEAB2A12-988B-45ED-B201-30CCB4CE875A}.Debug|Any CPU.ActiveCfg = Debug|Any CPU
		{EEAB2A12-988B-45ED-B201-30CCB4CE875A}.Debug|Any CPU.Build.0 = Debug|Any CPU
		{EEAB2A12-988B-45ED-B201-30CCB4CE875A}.Release|Any CPU.ActiveCfg = Release|Any CPU
		{EEAB2A12-988B-45ED-B201-30CCB4CE875A}.Release|Any CPU.Build.0 = Release|Any CPU
	EndGlobalSection
	GlobalSection(SolutionProperties) = preSolution
		HideSolutionNode = FALSE
	EndGlobalSection
	GlobalSection(ExtensibilityGlobals) = postSolution
		SolutionGuid = {4FF1DF08-1DBA-48A9-AD09-4C0C3F060DAF}
	EndGlobalSection
EndGlobal
